// !$*UTF8*$!
{
	archiveVersion = 1;
	classes = {
	};
	objectVersion = 56;
	objects = {

/* Begin PBXBuildFile section */
		AA0001 /* AppDelegate.swift in Sources */ = {isa = PBXBuildFile; fileRef = AA0101 /* AppDelegate.swift */; };
		AA0002 /* SceneDelegate.swift in Sources */ = {isa = PBXBuildFile; fileRef = AA0102 /* SceneDelegate.swift */; };
		AA0003 /* NetworkManager.swift in Sources */ = {isa = PBXBuildFile; fileRef = AA0201 /* NetworkManager.swift */; };
		AA0004 /* Country.swift in Sources */ = {isa = PBXBuildFile; fileRef = AA0301 /* Country.swift */; };
		AA0025 /* User.swift in Sources */ = {isa = PBXBuildFile; fileRef = AA0302 /* User.swift */; };
		AA0005 /* Theme.swift in Sources */ = {isa = PBXBuildFile; fileRef = AA0401 /* Theme.swift */; };
		AA0021 /* AuthorizationPhoneNode.swift in Sources */ = {isa = PBXBuildFile; fileRef = AA0504 /* AuthorizationPhoneNode.swift */; };
		AA0022 /* AuthorizationCodeNode.swift in Sources */ = {isa = PBXBuildFile; fileRef = AA0505 /* AuthorizationCodeNode.swift */; };
		AA0023 /* AuthorizationPhoneViewController_New.swift in Sources */ = {isa = PBXBuildFile; fileRef = AA0506 /* AuthorizationPhoneViewController_New.swift */; };
		AA0024 /* AuthorizationCodeViewController_New.swift in Sources */ = {isa = PBXBuildFile; fileRef = AA0507 /* AuthorizationCodeViewController_New.swift */; };
		AA0008 /* CountrySelectionViewController.swift in Sources */ = {isa = PBXBuildFile; fileRef = AA0503 /* CountrySelectionViewController.swift */; };
		AA0009 /* MainTabBarController.swift in Sources */ = {isa = PBXBuildFile; fileRef = AA0601 /* MainTabBarController.swift */; };
		AA0010 /* ChatListViewController.swift in Sources */ = {isa = PBXBuildFile; fileRef = AA0701 /* ChatListViewController.swift */; };
		AA0011 /* ChatListCell.swift in Sources */ = {isa = PBXBuildFile; fileRef = AA0702 /* ChatListCell.swift */; };
		AA0020 /* ChatListItemNode.swift in Sources */ = {isa = PBXBuildFile; fileRef = AA0703 /* ChatListItemNode.swift */; };
		AA0012 /* ChatViewController.swift in Sources */ = {isa = PBXBuildFile; fileRef = AA0801 /* ChatViewController.swift */; };
		AA0013 /* MessageCell.swift in Sources */ = {isa = PBXBuildFile; fileRef = AA0802 /* MessageCell.swift */; };
		AA0027 /* MessageBubbleNode.swift in Sources */ = {isa = PBXBuildFile; fileRef = AA0803 /* MessageBubbleNode.swift */; };
		AA0014 /* ContactsViewController.swift in Sources */ = {isa = PBXBuildFile; fileRef = AA0901 /* ContactsViewController.swift */; };
		AA0015 /* SettingsViewController.swift in Sources */ = {isa = PBXBuildFile; fileRef = AA1001 /* SettingsViewController.swift */; };
		AA0026 /* SettingsViewController_New.swift in Sources */ = {isa = PBXBuildFile; fileRef = AA1002 /* SettingsViewController_New.swift */; };
		AA0028 /* GlobalSearchViewController.swift in Sources */ = {isa = PBXBuildFile; fileRef = AA1100 /* GlobalSearchViewController.swift */; };
		AA0016 /* PhoneCountries.txt in Resources */ = {isa = PBXBuildFile; fileRef = AA1101 /* PhoneCountries.txt */; };
		AA0017 /* LaunchScreen.storyboard in Resources */ = {isa = PBXBuildFile; fileRef = AA1201 /* LaunchScreen.storyboard */; };
		AA0018 /* Assets.xcassets in Resources */ = {isa = PBXBuildFile; fileRef = AA1301 /* Assets.xcassets */; };
		AA0019 /* Info.plist in Resources */ = {isa = PBXBuildFile; fileRef = AA1401 /* Info.plist */; };
/* End PBXBuildFile section */

/* Begin PBXFileReference section */
		AA0100 /* MyTelegramClone.app */ = {isa = PBXFileReference; explicitFileType = wrapper.application; includeInIndex = 0; path = MyTelegramClone.app; sourceTree = BUILT_PRODUCTS_DIR; };
		AA0101 /* AppDelegate.swift */ = {isa = PBXFileReference; lastKnownFileType = sourcecode.swift; path = AppDelegate.swift; sourceTree = "<group>"; };
		AA0102 /* SceneDelegate.swift */ = {isa = PBXFileReference; lastKnownFileType = sourcecode.swift; path = SceneDelegate.swift; sourceTree = "<group>"; };
		AA0201 /* NetworkManager.swift */ = {isa = PBXFileReference; lastKnownFileType = sourcecode.swift; path = NetworkManager.swift; sourceTree = "<group>"; };
		AA0301 /* Country.swift */ = {isa = PBXFileReference; lastKnownFileType = sourcecode.swift; path = Country.swift; sourceTree = "<group>"; };
		AA0302 /* User.swift */ = {isa = PBXFileReference; lastKnownFileType = sourcecode.swift; path = User.swift; sourceTree = "<group>"; };
		AA0401 /* Theme.swift */ = {isa = PBXFileReference; lastKnownFileType = sourcecode.swift; path = Theme.swift; sourceTree = "<group>"; };
		AA0503 /* CountrySelectionViewController.swift */ = {isa = PBXFileReference; lastKnownFileType = sourcecode.swift; path = CountrySelectionViewController.swift; sourceTree = "<group>"; };
		AA0504 /* AuthorizationPhoneNode.swift */ = {isa = PBXFileReference; lastKnownFileType = sourcecode.swift; path = AuthorizationPhoneNode.swift; sourceTree = "<group>"; };
		AA0505 /* AuthorizationCodeNode.swift */ = {isa = PBXFileReference; lastKnownFileType = sourcecode.swift; path = AuthorizationCodeNode.swift; sourceTree = "<group>"; };
		AA0506 /* AuthorizationPhoneViewController_New.swift */ = {isa = PBXFileReference; lastKnownFileType = sourcecode.swift; path = AuthorizationPhoneViewController_New.swift; sourceTree = "<group>"; };
		AA0507 /* AuthorizationCodeViewController_New.swift */ = {isa = PBXFileReference; lastKnownFileType = sourcecode.swift; path = AuthorizationCodeViewController_New.swift; sourceTree = "<group>"; };
		AA0601 /* MainTabBarController.swift */ = {isa = PBXFileReference; lastKnownFileType = sourcecode.swift; path = MainTabBarController.swift; sourceTree = "<group>"; };
		AA0701 /* ChatListViewController.swift */ = {isa = PBXFileReference; lastKnownFileType = sourcecode.swift; path = ChatListViewController.swift; sourceTree = "<group>"; };
		AA0702 /* ChatListCell.swift */ = {isa = PBXFileReference; lastKnownFileType = sourcecode.swift; path = ChatListCell.swift; sourceTree = "<group>"; };
		AA0703 /* ChatListItemNode.swift */ = {isa = PBXFileReference; lastKnownFileType = sourcecode.swift; path = ChatListItemNode.swift; sourceTree = "<group>"; };
		AA0801 /* ChatViewController.swift */ = {isa = PBXFileReference; lastKnownFileType = sourcecode.swift; path = ChatViewController.swift; sourceTree = "<group>"; };
		AA0802 /* MessageCell.swift */ = {isa = PBXFileReference; lastKnownFileType = sourcecode.swift; path = MessageCell.swift; sourceTree = "<group>"; };
		AA0803 /* MessageBubbleNode.swift */ = {isa = PBXFileReference; lastKnownFileType = sourcecode.swift; path = MessageBubbleNode.swift; sourceTree = "<group>"; };
		AA0901 /* ContactsViewController.swift */ = {isa = PBXFileReference; lastKnownFileType = sourcecode.swift; path = ContactsViewController.swift; sourceTree = "<group>"; };
		AA1001 /* SettingsViewController.swift */ = {isa = PBXFileReference; lastKnownFileType = sourcecode.swift; path = SettingsViewController.swift; sourceTree = "<group>"; };
		AA1002 /* SettingsViewController_New.swift */ = {isa = PBXFileReference; lastKnownFileType = sourcecode.swift; path = SettingsViewController_New.swift; sourceTree = "<group>"; };
		AA1100 /* GlobalSearchViewController.swift */ = {isa = PBXFileReference; lastKnownFileType = sourcecode.swift; path = GlobalSearchViewController.swift; sourceTree = "<group>"; };
		AA1101 /* PhoneCountries.txt */ = {isa = PBXFileReference; lastKnownFileType = text; path = PhoneCountries.txt; sourceTree = "<group>"; };
		AA1201 /* LaunchScreen.storyboard */ = {isa = PBXFileReference; lastKnownFileType = file.storyboard; path = LaunchScreen.storyboard; sourceTree = "<group>"; };
		AA1301 /* Assets.xcassets */ = {isa = PBXFileReference; lastKnownFileType = folder.assetcatalog; path = Assets.xcassets; sourceTree = "<group>"; };
		AA1401 /* Info.plist */ = {isa = PBXFileReference; lastKnownFileType = text.plist.xml; path = Info.plist; sourceTree = "<group>"; };
/* End PBXFileReference section */

/* Begin PBXFrameworksBuildPhase section */
		AA0000 /* Frameworks */ = {
			isa = PBXFrameworksBuildPhase;
			buildActionMask = 2147483647;
			files = (
			);
			runOnlyForDeploymentPostprocessing = 0;
		};
/* End PBXFrameworksBuildPhase section */

/* Begin PBXGroup section */
		AA9999 = {
			isa = PBXGroup;
			children = (
				AA9998 /* MyTelegramClone */,
				AA9997 /* Products */,
			);
			sourceTree = "<group>";
		};
		AA9997 /* Products */ = {
			isa = PBXGroup;
			children = (
				AA0100 /* MyTelegramClone.app */,
			);
			name = Products;
			sourceTree = "<group>";
		};
		AA9998 /* MyTelegramClone */ = {
			isa = PBXGroup;
			children = (
				AA0101 /* AppDelegate.swift */,
				AA0102 /* SceneDelegate.swift */,
				AA0200 /* Network */,
				AA0300 /* Models */,
				AA0400 /* UI */,
				AA1100 /* Resources */,
				AA1201 /* LaunchScreen.storyboard */,
				AA1301 /* Assets.xcassets */,
				AA1401 /* Info.plist */,
			);
			path = MyTelegramClone;
			sourceTree = "<group>";
		};
		AA0200 /* Network */ = {
			isa = PBXGroup;
			children = (
				AA0201 /* NetworkManager.swift */,
			);
			path = Network;
			sourceTree = "<group>";
		};
		AA0300 /* Models */ = {
			isa = PBXGroup;
			children = (
				AA0301 /* Country.swift */,
				AA0302 /* User.swift */,
			);
			path = Models;
			sourceTree = "<group>";
		};
		AA0400 /* UI */ = {
			isa = PBXGroup;
			children = (
				AA0401 /* Theme.swift */,
				AA0500 /* Authorization */,
				AA0600 /* Main */,
				AA0700 /* ChatList */,
				AA0800 /* Chat */,
				AA0900 /* Contacts */,
				AA1000 /* Settings */,
				AA1050 /* Search */,
			);
			path = UI;
			sourceTree = "<group>";
		};
		AA0500 /* Authorization */ = {
			isa = PBXGroup;
			children = (
				AA0501 /* AuthorizationPhoneViewController.swift */,
				AA0502 /* AuthorizationCodeViewController.swift */,
				AA0503 /* CountrySelectionViewController.swift */,
				AA0504 /* AuthorizationPhoneNode.swift */,
				AA0505 /* AuthorizationCodeNode.swift */,
				AA0506 /* AuthorizationPhoneViewController_New.swift */,
				AA0507 /* AuthorizationCodeViewController_New.swift */,
			);
			path = Authorization;
			sourceTree = "<group>";
		};
		AA0600 /* Main */ = {
			isa = PBXGroup;
			children = (
				AA0601 /* MainTabBarController.swift */,
			);
			path = Main;
			sourceTree = "<group>";
		};
		AA0700 /* ChatList */ = {
			isa = PBXGroup;
			children = (
				AA0701 /* ChatListViewController.swift */,
				AA0702 /* ChatListCell.swift */,
				AA0703 /* ChatListItemNode.swift */,
			);
			path = ChatList;
			sourceTree = "<group>";
		};
		AA0800 /* Chat */ = {
			isa = PBXGroup;
			children = (
				AA0801 /* ChatViewController.swift */,
				AA0802 /* MessageCell.swift */,
				AA0803 /* MessageBubbleNode.swift */,
			);
			path = Chat;
			sourceTree = "<group>";
		};
		AA0900 /* Contacts */ = {
			isa = PBXGroup;
			children = (
				AA0901 /* ContactsViewController.swift */,
			);
			path = Contacts;
			sourceTree = "<group>";
		};
		AA1000 /* Settings */ = {
			isa = PBXGroup;
			children = (
				AA1001 /* SettingsViewController.swift */,
				AA1002 /* SettingsViewController_New.swift */,
			);
			path = Settings;
			sourceTree = "<group>";
		};
		AA1050 /* Search */ = {
			isa = PBXGroup;
			children = (
				AA1100 /* GlobalSearchViewController.swift */,
			);
			path = Search;
			sourceTree = "<group>";
		};
		AA1100 /* Resources */ = {
			isa = PBXGroup;
			children = (
				AA1101 /* PhoneCountries.txt */,
			);
			path = Resources;
			sourceTree = "<group>";
		};
/* End PBXGroup section */

/* Begin PBXNativeTarget section */
		AA0099 /* MyTelegramClone */ = {
			isa = PBXNativeTarget;
			buildConfigurationList = AA0098 /* Build configuration list for PBXNativeTarget "MyTelegramClone" */;
			buildPhases = (
				AA0096 /* Sources */,
				AA0000 /* Frameworks */,
				AA0097 /* Resources */,
			);
			buildRules = (
			);
			dependencies = (
			);
			name = MyTelegramClone;
			productName = MyTelegramClone;
			productReference = AA0100 /* MyTelegramClone.app */;
			productType = "com.apple.product-type.application";
		};
/* End PBXNativeTarget section */

/* Begin PBXProject section */
		AA9990 /* Project object */ = {
			isa = PBXProject;
			attributes = {
				BuildIndependentTargetsInParallel = 1;
				LastSwiftUpdateCheck = 1500;
				LastUpgradeCheck = 1500;
				TargetAttributes = {
					AA0099 = {
						CreatedOnToolsVersion = 15.0;
					};
				};
			};
			buildConfigurationList = AA9991 /* Build configuration list for PBXProject "MyTelegramClone" */;
			compatibilityVersion = "Xcode 14.0";
			developmentRegion = en;
			hasScannedForEncodings = 0;
			knownRegions = (
				en,
				Base,
			);
			mainGroup = AA9999;
			productRefGroup = AA9997 /* Products */;
			projectDirPath = "";
			projectRoot = "";
			targets = (
				AA0099 /* MyTelegramClone */,
			);
		};
/* End PBXProject section */

/* Begin PBXResourcesBuildPhase section */
		AA0097 /* Resources */ = {
			isa = PBXResourcesBuildPhase;
			buildActionMask = 2147483647;
			files = (
				AA0016 /* PhoneCountries.txt in Resources */,
				AA0017 /* LaunchScreen.storyboard in Resources */,
				AA0018 /* Assets.xcassets in Resources */,
			);
			runOnlyForDeploymentPostprocessing = 0;
		};
/* End PBXResourcesBuildPhase section */

/* Begin PBXSourcesBuildPhase section */
		AA0096 /* Sources */ = {
			isa = PBXSourcesBuildPhase;
			buildActionMask = 2147483647;
			files = (
				AA0001 /* AppDelegate.swift in Sources */,
				AA0002 /* SceneDelegate.swift in Sources */,
				AA0003 /* NetworkManager.swift in Sources */,
				AA0004 /* Country.swift in Sources */,
				AA0025 /* User.swift in Sources */,
				AA0005 /* Theme.swift in Sources */,
				AA0021 /* AuthorizationPhoneNode.swift in Sources */,
				AA0022 /* AuthorizationCodeNode.swift in Sources */,
				AA0023 /* AuthorizationPhoneViewController_New.swift in Sources */,
				AA0024 /* AuthorizationCodeViewController_New.swift in Sources */,
				AA0008 /* CountrySelectionViewController.swift in Sources */,
				AA0009 /* MainTabBarController.swift in Sources */,
				AA0010 /* ChatListViewController.swift in Sources */,
				AA0011 /* ChatListCell.swift in Sources */,
				AA0020 /* ChatListItemNode.swift in Sources */,
				AA0012 /* ChatViewController.swift in Sources */,
				AA0013 /* MessageCell.swift in Sources */,
				AA0027 /* MessageBubbleNode.swift in Sources */,
				AA0014 /* ContactsViewController.swift in Sources */,
				AA0015 /* SettingsViewController.swift in Sources */,
				AA0026 /* SettingsViewController_New.swift in Sources */,
				AA0028 /* GlobalSearchViewController.swift in Sources */,
			);
			runOnlyForDeploymentPostprocessing = 0;
		};
/* End PBXSourcesBuildPhase section */

/* Begin XCBuildConfiguration section */
		AA9992 /* Debug */ = {
			isa = XCBuildConfiguration;
			buildSettings = {
				ALWAYS_SEARCH_USER_PATHS = NO;
				ASSETCATALOG_COMPILER_GENERATE_SWIFT_ASSET_SYMBOL_EXTENSIONS = YES;
				CLANG_ANALYZER_NONNULL = YES;
				CLANG_ANALYZER_NUMBER_OBJECT_CONVERSION = YES_AGGRESSIVE;
				CLANG_CXX_LANGUAGE_STANDARD = "gnu++20";
				CLANG_ENABLE_MODULES = YES;
				CLANG_ENABLE_OBJC_ARC = YES;
				CLANG_ENABLE_OBJC_WEAK = YES;
				CLANG_WARN_BLOCK_CAPTURE_AUTORELEASING = YES;
				CLANG_WARN_BOOL_CONVERSION = YES;
				CLANG_WARN_COMMA = YES;
				CLANG_WARN_CONSTANT_CONVERSION = YES;
				CLANG_WARN_DEPRECATED_OBJC_IMPLEMENTATIONS = YES;
				CLANG_WARN_DIRECT_OBJC_ISA_USAGE = YES_ERROR;
				CLANG_WARN_DOCUMENTATION_COMMENTS = YES;
				CLANG_WARN_EMPTY_BODY = YES;
				CLANG_WARN_ENUM_CONVERSION = YES;
				CLANG_WARN_INFINITE_RECURSION = YES;
				CLANG_WARN_INT_CONVERSION = YES;
				CLANG_WARN_NON_LITERAL_NULL_CONVERSION = YES;
				CLANG_WARN_OBJC_IMPLICIT_RETAIN_SELF = YES;
				CLANG_WARN_OBJC_LITERAL_CONVERSION = YES;
				CLANG_WARN_OBJC_ROOT_CLASS = YES_ERROR;
				CLANG_WARN_QUOTED_INCLUDE_IN_FRAMEWORK_HEADER = YES;
				CLANG_WARN_RANGE_LOOP_ANALYSIS = YES;
				CLANG_WARN_STRICT_PROTOTYPES = YES;
				CLANG_WARN_SUSPICIOUS_MOVE = YES;
				CLANG_WARN_UNGUARDED_AVAILABILITY = YES_AGGRESSIVE;
				CLANG_WARN_UNREACHABLE_CODE = YES;
				CLANG_WARN__DUPLICATE_METHOD_MATCH = YES;
				COPY_PHASE_STRIP = NO;
				DEBUG_INFORMATION_FORMAT = dwarf;
				ENABLE_STRICT_OBJC_MSGSEND = YES;
				ENABLE_TESTABILITY = YES;
				ENABLE_USER_SCRIPT_SANDBOXING = YES;
				GCC_C_LANGUAGE_STANDARD = gnu17;
				GCC_DYNAMIC_NO_PIC = NO;
				GCC_NO_COMMON_BLOCKS = YES;
				GCC_OPTIMIZATION_LEVEL = 0;
				GCC_PREPROCESSOR_DEFINITIONS = (
					"DEBUG=1",
					"$(inherited)",
				);
				GCC_WARN_64_TO_32_BIT_CONVERSION = YES;
				GCC_WARN_ABOUT_RETURN_TYPE = YES_ERROR;
				GCC_WARN_UNDECLARED_SELECTOR = YES;
				GCC_WARN_UNINITIALIZED_AUTOS = YES_AGGRESSIVE;
				GCC_WARN_UNUSED_FUNCTION = YES;
				GCC_WARN_UNUSED_VARIABLE = YES;
				IPHONEOS_DEPLOYMENT_TARGET = 14.0;
				LOCALIZATION_PREFERS_STRING_CATALOGS = YES;
				MTL_ENABLE_DEBUG_INFO = INCLUDE_SOURCE;
				MTL_FAST_MATH = YES;
				ONLY_ACTIVE_ARCH = YES;
				SDKROOT = iphoneos;
				SWIFT_ACTIVE_COMPILATION_CONDITIONS = "DEBUG $(inherited)";
				SWIFT_OPTIMIZATION_LEVEL = "-Onone";
			};
			name = Debug;
		};
		AA9993 /* Release */ = {
			isa = XCBuildConfiguration;
			buildSettings = {
				ALWAYS_SEARCH_USER_PATHS = NO;
				ASSETCATALOG_COMPILER_GENERATE_SWIFT_ASSET_SYMBOL_EXTENSIONS = YES;
				CLANG_ANALYZER_NONNULL = YES;
				CLANG_ANALYZER_NUMBER_OBJECT_CONVERSION = YES_AGGRESSIVE;
				CLANG_CXX_LANGUAGE_STANDARD = "gnu++20";
				CLANG_ENABLE_MODULES = YES;
				CLANG_ENABLE_OBJC_ARC = YES;
				CLANG_ENABLE_OBJC_WEAK = YES;
				CLANG_WARN_BLOCK_CAPTURE_AUTORELEASING = YES;
				CLANG_WARN_BOOL_CONVERSION = YES;
				CLANG_WARN_COMMA = YES;
				CLANG_WARN_CONSTANT_CONVERSION = YES;
				CLANG_WARN_DEPRECATED_OBJC_IMPLEMENTATIONS = YES;
				CLANG_WARN_DIRECT_OBJC_ISA_USAGE = YES_ERROR;
				CLANG_WARN_DOCUMENTATION_COMMENTS = YES;
				CLANG_WARN_EMPTY_BODY = YES;
				CLANG_WARN_ENUM_CONVERSION = YES;
				CLANG_WARN_INFINITE_RECURSION = YES;
				CLANG_WARN_INT_CONVERSION = YES;
				CLANG_WARN_NON_LITERAL_NULL_CONVERSION = YES;
				CLANG_WARN_OBJC_IMPLICIT_RETAIN_SELF = YES;
				CLANG_WARN_OBJC_LITERAL_CONVERSION = YES;
				CLANG_WARN_OBJC_ROOT_CLASS = YES_ERROR;
				CLANG_WARN_QUOTED_INCLUDE_IN_FRAMEWORK_HEADER = YES;
				CLANG_WARN_RANGE_LOOP_ANALYSIS = YES;
				CLANG_WARN_STRICT_PROTOTYPES = YES;
				CLANG_WARN_SUSPICIOUS_MOVE = YES;
				CLANG_WARN_UNGUARDED_AVAILABILITY = YES_AGGRESSIVE;
				CLANG_WARN_UNREACHABLE_CODE = YES;
				CLANG_WARN__DUPLICATE_METHOD_MATCH = YES;
				COPY_PHASE_STRIP = NO;
				DEBUG_INFORMATION_FORMAT = "dwarf-with-dsym";
				ENABLE_NS_ASSERTIONS = NO;
				ENABLE_STRICT_OBJC_MSGSEND = YES;
				ENABLE_USER_SCRIPT_SANDBOXING = YES;
				GCC_C_LANGUAGE_STANDARD = gnu17;
				GCC_NO_COMMON_BLOCKS = YES;
				GCC_WARN_64_TO_32_BIT_CONVERSION = YES;
				GCC_WARN_ABOUT_RETURN_TYPE = YES_ERROR;
				GCC_WARN_UNDECLARED_SELECTOR = YES;
				GCC_WARN_UNINITIALIZED_AUTOS = YES_AGGRESSIVE;
				GCC_WARN_UNUSED_FUNCTION = YES;
				GCC_WARN_UNUSED_VARIABLE = YES;
				IPHONEOS_DEPLOYMENT_TARGET = 14.0;
				LOCALIZATION_PREFERS_STRING_CATALOGS = YES;
				MTL_ENABLE_DEBUG_INFO = NO;
				MTL_FAST_MATH = YES;
				SDKROOT = iphoneos;
				SWIFT_COMPILATION_MODE = wholemodule;
				VALIDATE_PRODUCT = YES;
			};
			name = Release;
		};
		AA9994 /* Debug */ = {
			isa = XCBuildConfiguration;
			buildSettings = {
				ASSETCATALOG_COMPILER_APPICON_NAME = AppIcon;
				ASSETCATALOG_COMPILER_GLOBAL_ACCENT_COLOR_NAME = AccentColor;
				CODE_SIGN_STYLE = Automatic;
				CURRENT_PROJECT_VERSION = 1;
				DEVELOPMENT_TEAM = "";
				GENERATE_INFOPLIST_FILE = NO;
				INFOPLIST_FILE = MyTelegramClone/Info.plist;
				INFOPLIST_KEY_UIApplicationSupportsIndirectInputEvents = YES;
				INFOPLIST_KEY_UILaunchStoryboardName = LaunchScreen;
				INFOPLIST_KEY_UISupportedInterfaceOrientations = UIInterfaceOrientationPortrait;
				INFOPLIST_KEY_UISupportedInterfaceOrientations_iPad = "UIInterfaceOrientationLandscapeLeft UIInterfaceOrientationLandscapeRight UIInterfaceOrientationPortrait UIInterfaceOrientationPortraitUpsideDown";
				LD_RUNPATH_SEARCH_PATHS = (
					"$(inherited)",
					"@executable_path/Frameworks",
				);
				MARKETING_VERSION = 1.0;
				PRODUCT_BUNDLE_IDENTIFIER = com.mytelegram.clone;
				PRODUCT_NAME = "$(TARGET_NAME)";
				SUPPORTED_PLATFORMS = "iphoneos iphonesimulator";
				SUPPORTS_MACCATALYST = NO;
				SUPPORTS_MAC_DESIGNED_FOR_IPHONE_IPAD = NO;
				SUPPORTS_XR_DESIGNED_FOR_IPHONE_IPAD = NO;
				SWIFT_EMIT_LOC_STRINGS = YES;
				SWIFT_VERSION = 5.0;
				TARGETED_DEVICE_FAMILY = 1;
			};
			name = Debug;
		};
		AA9995 /* Release */ = {
			isa = XCBuildConfiguration;
			buildSettings = {
				ASSETCATALOG_COMPILER_APPICON_NAME = AppIcon;
				ASSETCATALOG_COMPILER_GLOBAL_ACCENT_COLOR_NAME = AccentColor;
				CODE_SIGN_STYLE = Automatic;
				CURRENT_PROJECT_VERSION = 1;
				DEVELOPMENT_TEAM = "";
				GENERATE_INFOPLIST_FILE = NO;
				INFOPLIST_FILE = MyTelegramClone/Info.plist;
				INFOPLIST_KEY_UIApplicationSupportsIndirectInputEvents = YES;
				INFOPLIST_KEY_UILaunchStoryboardName = LaunchScreen;
				INFOPLIST_KEY_UISupportedInterfaceOrientations = UIInterfaceOrientationPortrait;
				INFOPLIST_KEY_UISupportedInterfaceOrientations_iPad = "UIInterfaceOrientationLandscapeLeft UIInterfaceOrientationLandscapeRight UIInterfaceOrientationPortrait UIInterfaceOrientationPortraitUpsideDown";
				LD_RUNPATH_SEARCH_PATHS = (
					"$(inherited)",
					"@executable_path/Frameworks",
				);
				MARKETING_VERSION = 1.0;
				PRODUCT_BUNDLE_IDENTIFIER = com.mytelegram.clone;
				PRODUCT_NAME = "$(TARGET_NAME)";
				SUPPORTED_PLATFORMS = "iphoneos iphonesimulator";
				SUPPORTS_MACCATALYST = NO;
				SUPPORTS_MAC_DESIGNED_FOR_IPHONE_IPAD = NO;
				SUPPORTS_XR_DESIGNED_FOR_IPHONE_IPAD = NO;
				SWIFT_EMIT_LOC_STRINGS = YES;
				SWIFT_VERSION = 5.0;
				TARGETED_DEVICE_FAMILY = 1;
			};
			name = Release;
		};
/* End XCBuildConfiguration section */

/* Begin XCConfigurationList section */
		AA9991 /* Build configuration list for PBXProject "MyTelegramClone" */ = {
			isa = XCConfigurationList;
			buildConfigurations = (
				AA9992 /* Debug */,
				AA9993 /* Release */,
			);
			defaultConfigurationIsVisible = 0;
			defaultConfigurationName = Release;
		};
		AA0098 /* Build configuration list for PBXNativeTarget "MyTelegramClone" */ = {
			isa = XCConfigurationList;
			buildConfigurations = (
				AA9994 /* Debug */,
				AA9995 /* Release */,
			);
			defaultConfigurationIsVisible = 0;
			defaultConfigurationName = Release;
		};
/* End XCConfigurationList section */
	};
	rootObject = AA9990 /* Project object */;
}
